{
  "version": 4,
  "terraform_version": "1.6.3",
  "serial": 184,
  "lineage": "537db2f7-f077-23bf-f348-3c950dc9a898",
  "outputs": {},
  "resources": [
    {
      "mode": "data",
      "type": "aws_ami",
      "name": "ubuntu",
      "provider": "provider[\"registry.terraform.io/hashicorp/aws\"]",
      "instances": [
        {
          "schema_version": 0,
          "attributes": {
            "architecture": "x86_64",
            "arn": "arn:aws:ec2:us-east-1::image/ami-04b107e90218672e5",
            "block_device_mappings": [
              {
                "device_name": "/dev/sda1",
                "ebs": {
                  "delete_on_termination": "true",
                  "encrypted": "false",
                  "iops": "0",
                  "snapshot_id": "snap-01af0382de9198a02",
                  "throughput": "0",
                  "volume_size": "8",
                  "volume_type": "gp2"
                },
                "no_device": "",
                "virtual_name": ""
              },
              {
                "device_name": "/dev/sdb",
                "ebs": {},
                "no_device": "",
                "virtual_name": "ephemeral0"
              },
              {
                "device_name": "/dev/sdc",
                "ebs": {},
                "no_device": "",
                "virtual_name": "ephemeral1"
              }
            ],
            "boot_mode": "legacy-bios",
            "creation_date": "2023-10-30T23:08:02.000Z",
            "deprecation_time": "2025-10-30T23:08:02.000Z",
            "description": "Canonical, Ubuntu, 20.04 LTS, amd64 focal image build on 2023-10-30",
            "ena_support": true,
            "executable_users": null,
            "filter": [
              {
                "name": "name",
                "values": [
                  "ubuntu/images/hvm-ssd/ubuntu-focal-20.04-amd64-server-*"
                ]
              },
              {
                "name": "virtualization-type",
                "values": [
                  "hvm"
                ]
              }
            ],
            "hypervisor": "xen",
            "id": "ami-04b107e90218672e5",
            "image_id": "ami-04b107e90218672e5",
            "image_location": "amazon/ubuntu/images/hvm-ssd/ubuntu-focal-20.04-amd64-server-20231030",
            "image_owner_alias": "amazon",
            "image_type": "machine",
            "imds_support": "",
            "include_deprecated": false,
            "kernel_id": "",
            "most_recent": true,
            "name": "ubuntu/images/hvm-ssd/ubuntu-focal-20.04-amd64-server-20231030",
            "name_regex": null,
            "owner_id": "099720109477",
            "owners": [
              "099720109477"
            ],
            "platform": "",
            "platform_details": "Linux/UNIX",
            "product_codes": [],
            "public": true,
            "ramdisk_id": "",
            "root_device_name": "/dev/sda1",
            "root_device_type": "ebs",
            "root_snapshot_id": "snap-01af0382de9198a02",
            "sriov_net_support": "simple",
            "state": "available",
            "state_reason": {
              "code": "UNSET",
              "message": "UNSET"
            },
            "tags": {},
            "timeouts": null,
            "tpm_support": "",
            "usage_operation": "RunInstances",
            "virtualization_type": "hvm"
          },
          "sensitive_attributes": []
        }
      ]
    },
    {
      "mode": "managed",
      "type": "aws_instance",
      "name": "App_EC2",
      "provider": "provider[\"registry.terraform.io/hashicorp/aws\"]",
      "instances": [
        {
          "schema_version": 1,
          "attributes": {
            "ami": "ami-0533f2ba8a1995cf9",
            "arn": "arn:aws:ec2:us-east-1:108791993403:instance/i-0b7c9eceb8a73b227",
            "associate_public_ip_address": true,
            "availability_zone": "us-east-1a",
            "capacity_reservation_specification": [
              {
                "capacity_reservation_preference": "open",
                "capacity_reservation_target": []
              }
            ],
            "cpu_core_count": 1,
            "cpu_options": [
              {
                "amd_sev_snp": "",
                "core_count": 1,
                "threads_per_core": 1
              }
            ],
            "cpu_threads_per_core": 1,
            "credit_specification": [
              {
                "cpu_credits": "standard"
              }
            ],
            "disable_api_stop": false,
            "disable_api_termination": false,
            "ebs_block_device": [],
            "ebs_optimized": false,
            "enclave_options": [
              {
                "enabled": false
              }
            ],
            "ephemeral_block_device": [],
            "get_password_data": false,
            "hibernation": false,
            "host_id": "",
            "host_resource_group_arn": null,
            "iam_instance_profile": "",
            "id": "i-0b7c9eceb8a73b227",
            "instance_initiated_shutdown_behavior": "stop",
            "instance_state": "running",
            "instance_type": "t2.micro",
            "ipv6_address_count": 0,
            "ipv6_addresses": [],
            "key_name": "Par_Chave",
            "launch_template": [],
            "maintenance_options": [
              {
                "auto_recovery": "default"
              }
            ],
            "metadata_options": [
              {
                "http_endpoint": "enabled",
                "http_put_response_hop_limit": 1,
                "http_tokens": "optional",
                "instance_metadata_tags": "disabled"
              }
            ],
            "monitoring": false,
            "network_interface": [],
            "outpost_arn": "",
            "password_data": "",
            "placement_group": "",
            "placement_partition_number": 0,
            "primary_network_interface_id": "eni-0065ac236ee977f12",
            "private_dns": "ip-10-0-1-221.ec2.internal",
            "private_dns_name_options": [
              {
                "enable_resource_name_dns_a_record": false,
                "enable_resource_name_dns_aaaa_record": false,
                "hostname_type": "ip-name"
              }
            ],
            "private_ip": "10.0.1.221",
            "public_dns": "ec2-3-80-187-116.compute-1.amazonaws.com",
            "public_ip": "3.80.187.116",
            "root_block_device": [
              {
                "delete_on_termination": true,
                "device_name": "/dev/xvda",
                "encrypted": false,
                "iops": 100,
                "kms_key_id": "",
                "tags": {},
                "throughput": 0,
                "volume_id": "vol-074c40e47f9ae378b",
                "volume_size": 8,
                "volume_type": "gp2"
              }
            ],
            "secondary_private_ips": [],
            "security_groups": [],
            "source_dest_check": true,
            "subnet_id": "subnet-0f6610c75be36e8c9",
            "tags": {
              "Name": "App_EC2"
            },
            "tags_all": {
              "Name": "App_EC2"
            },
            "tenancy": "default",
            "timeouts": null,
            "user_data": "2934349b3a09e0ac00e3df69225289d82dea3875",
            "user_data_base64": null,
            "user_data_replace_on_change": false,
            "volume_tags": null,
            "vpc_security_group_ids": [
              "sg-04f692b81ab00507a"
            ]
          },
          "sensitive_attributes": [],
          "private": "eyJlMmJmYjczMC1lY2FhLTExZTYtOGY4OC0zNDM2M2JjN2M0YzAiOnsiY3JlYXRlIjo2MDAwMDAwMDAwMDAsImRlbGV0ZSI6MTIwMDAwMDAwMDAwMCwidXBkYXRlIjo2MDAwMDAwMDAwMDB9LCJzY2hlbWFfdmVyc2lvbiI6IjEifQ==",
          "dependencies": [
            "aws_key_pair.generated_key",
            "aws_security_group.web_sg",
            "aws_subnet.public_subnets",
            "aws_vpc.main",
            "tls_private_key.Par_Chave"
          ]
        }
      ]
    },
    {
      "mode": "managed",
      "type": "aws_internet_gateway",
      "name": "gw",
      "provider": "provider[\"registry.terraform.io/hashicorp/aws\"]",
      "instances": [
        {
          "schema_version": 0,
          "attributes": {
            "arn": "arn:aws:ec2:us-east-1:108791993403:internet-gateway/igw-0a65b5d29b6dacfe9",
            "id": "igw-0a65b5d29b6dacfe9",
            "owner_id": "108791993403",
            "tags": {
              "Name": "Project VPC IG"
            },
            "tags_all": {
              "Name": "Project VPC IG"
            },
            "timeouts": null,
            "vpc_id": "vpc-0eb77493a18be6e39"
          },
          "sensitive_attributes": [],
          "private": "eyJlMmJmYjczMC1lY2FhLTExZTYtOGY4OC0zNDM2M2JjN2M0YzAiOnsiY3JlYXRlIjoxMjAwMDAwMDAwMDAwLCJkZWxldGUiOjEyMDAwMDAwMDAwMDAsInVwZGF0ZSI6MTIwMDAwMDAwMDAwMH19",
          "dependencies": [
            "aws_vpc.main"
          ]
        }
      ]
    },
    {
      "mode": "managed",
      "type": "aws_key_pair",
      "name": "generated_key",
      "provider": "provider[\"registry.terraform.io/hashicorp/aws\"]",
      "instances": [
        {
          "schema_version": 1,
          "attributes": {
            "arn": "arn:aws:ec2:us-east-1:108791993403:key-pair/Par_Chave",
            "fingerprint": "1d:ce:cf:75:2e:f8:05:0a:40:09:b4:e6:84:6c:d6:0a",
            "id": "Par_Chave",
            "key_name": "Par_Chave",
            "key_name_prefix": "",
            "key_pair_id": "key-0107cfa685a26b383",
            "key_type": "rsa",
            "public_key": "ssh-rsa AAAAB3NzaC1yc2EAAAADAQABAAABAQDnR5bkxNhc9OGQgT5ZjYMcMVBW2yY9ONU3tztWrvwLMQ2+UopTjjoxzAi7lFJdQlarwik9ad/4qLk0d0LZgO8y4DDpsOMxSmxrlAPhpOruIvAf0DhfIxUShdarEBX3ttS+V6nVhlyL31lTyKgnpJx915GJaFPwGIA+H+2aRPiOsjjMqquxEKXZVbqJpfo9Ba6uzRqxA8C7g9rLIMcuwJO4Xqsu16yMy7ePNfTfXv9oYGEpZyqVqF4Gd9uURWX1oxMmrUBJwSaNDPVZWK9FNFSrsjuyD+JQSwbieIqoA2EQAdgHnnUjJtfP0Y1jxuqz9P6hW9sftP9GDByoDbOgE+UN",
            "tags": null,
            "tags_all": {}
          },
          "sensitive_attributes": [],
          "private": "eyJzY2hlbWFfdmVyc2lvbiI6IjEifQ==",
          "dependencies": [
            "tls_private_key.Par_Chave"
          ]
        }
      ]
    },
    {
      "mode": "managed",
      "type": "aws_route_table",
      "name": "second_rt",
      "provider": "provider[\"registry.terraform.io/hashicorp/aws\"]",
      "instances": [
        {
          "schema_version": 0,
          "attributes": {
            "arn": "arn:aws:ec2:us-east-1:108791993403:route-table/rtb-066a45f1cc835cfef",
            "id": "rtb-066a45f1cc835cfef",
            "owner_id": "108791993403",
            "propagating_vgws": [],
            "route": [
              {
                "carrier_gateway_id": "",
                "cidr_block": "",
                "core_network_arn": "",
                "destination_prefix_list_id": "",
                "egress_only_gateway_id": "",
                "gateway_id": "igw-0a65b5d29b6dacfe9",
                "instance_id": "",
                "ipv6_cidr_block": "::/0",
                "local_gateway_id": "",
                "nat_gateway_id": "",
                "network_interface_id": "",
                "transit_gateway_id": "",
                "vpc_endpoint_id": "",
                "vpc_peering_connection_id": ""
              },
              {
                "carrier_gateway_id": "",
                "cidr_block": "0.0.0.0/0",
                "core_network_arn": "",
                "destination_prefix_list_id": "",
                "egress_only_gateway_id": "",
                "gateway_id": "igw-0a65b5d29b6dacfe9",
                "instance_id": "",
                "ipv6_cidr_block": "",
                "local_gateway_id": "",
                "nat_gateway_id": "",
                "network_interface_id": "",
                "transit_gateway_id": "",
                "vpc_endpoint_id": "",
                "vpc_peering_connection_id": ""
              }
            ],
            "tags": {
              "Name": "Public Route Table"
            },
            "tags_all": {
              "Name": "Public Route Table"
            },
            "timeouts": null,
            "vpc_id": "vpc-0eb77493a18be6e39"
          },
          "sensitive_attributes": [],
          "private": "eyJlMmJmYjczMC1lY2FhLTExZTYtOGY4OC0zNDM2M2JjN2M0YzAiOnsiY3JlYXRlIjozMDAwMDAwMDAwMDAsImRlbGV0ZSI6MzAwMDAwMDAwMDAwLCJ1cGRhdGUiOjEyMDAwMDAwMDAwMH19",
          "dependencies": [
            "aws_internet_gateway.gw",
            "aws_vpc.main"
          ]
        }
      ]
    },
    {
      "mode": "managed",
      "type": "aws_route_table_association",
      "name": "public_subnet_asso",
      "provider": "provider[\"registry.terraform.io/hashicorp/aws\"]",
      "instances": [
        {
          "index_key": 0,
          "schema_version": 0,
          "attributes": {
            "gateway_id": "",
            "id": "rtbassoc-0cf5bd02b575acfaa",
            "route_table_id": "rtb-066a45f1cc835cfef",
            "subnet_id": "subnet-0f6610c75be36e8c9",
            "timeouts": null
          },
          "sensitive_attributes": [],
          "private": "eyJlMmJmYjczMC1lY2FhLTExZTYtOGY4OC0zNDM2M2JjN2M0YzAiOnsiY3JlYXRlIjozMDAwMDAwMDAwMDAsImRlbGV0ZSI6MzAwMDAwMDAwMDAwLCJ1cGRhdGUiOjEyMDAwMDAwMDAwMH19",
          "dependencies": [
            "aws_internet_gateway.gw",
            "aws_route_table.second_rt",
            "aws_subnet.public_subnets",
            "aws_vpc.main"
          ]
        },
        {
          "index_key": 1,
          "schema_version": 0,
          "attributes": {
            "gateway_id": "",
            "id": "rtbassoc-0d55d3982bd040fd5",
            "route_table_id": "rtb-066a45f1cc835cfef",
            "subnet_id": "subnet-045475351d19b305f",
            "timeouts": null
          },
          "sensitive_attributes": [],
          "private": "eyJlMmJmYjczMC1lY2FhLTExZTYtOGY4OC0zNDM2M2JjN2M0YzAiOnsiY3JlYXRlIjozMDAwMDAwMDAwMDAsImRlbGV0ZSI6MzAwMDAwMDAwMDAwLCJ1cGRhdGUiOjEyMDAwMDAwMDAwMH19",
          "dependencies": [
            "aws_internet_gateway.gw",
            "aws_route_table.second_rt",
            "aws_subnet.public_subnets",
            "aws_vpc.main"
          ]
        },
        {
          "index_key": 2,
          "schema_version": 0,
          "attributes": {
            "gateway_id": "",
            "id": "rtbassoc-07a624f9a9f06e961",
            "route_table_id": "rtb-066a45f1cc835cfef",
            "subnet_id": "subnet-034ffee336d5da04a",
            "timeouts": null
          },
          "sensitive_attributes": [],
          "private": "eyJlMmJmYjczMC1lY2FhLTExZTYtOGY4OC0zNDM2M2JjN2M0YzAiOnsiY3JlYXRlIjozMDAwMDAwMDAwMDAsImRlbGV0ZSI6MzAwMDAwMDAwMDAwLCJ1cGRhdGUiOjEyMDAwMDAwMDAwMH19",
          "dependencies": [
            "aws_internet_gateway.gw",
            "aws_route_table.second_rt",
            "aws_subnet.public_subnets",
            "aws_vpc.main"
          ]
        }
      ]
    },
    {
      "mode": "managed",
      "type": "aws_security_group",
      "name": "web_sg",
      "provider": "provider[\"registry.terraform.io/hashicorp/aws\"]",
      "instances": [
        {
          "schema_version": 1,
          "attributes": {
            "arn": "arn:aws:ec2:us-east-1:108791993403:security-group/sg-04f692b81ab00507a",
            "description": "Managed by Terraform",
            "egress": [
              {
                "cidr_blocks": [
                  "0.0.0.0/0"
                ],
                "description": "",
                "from_port": 0,
                "ipv6_cidr_blocks": [],
                "prefix_list_ids": [],
                "protocol": "-1",
                "security_groups": [],
                "self": false,
                "to_port": 0
              }
            ],
            "id": "sg-04f692b81ab00507a",
            "ingress": [
              {
                "cidr_blocks": [
                  "0.0.0.0/0"
                ],
                "description": "",
                "from_port": 22,
                "ipv6_cidr_blocks": [],
                "prefix_list_ids": [],
                "protocol": "tcp",
                "security_groups": [],
                "self": false,
                "to_port": 22
              },
              {
                "cidr_blocks": [
                  "0.0.0.0/0"
                ],
                "description": "",
                "from_port": 80,
                "ipv6_cidr_blocks": [],
                "prefix_list_ids": [],
                "protocol": "tcp",
                "security_groups": [],
                "self": false,
                "to_port": 80
              }
            ],
            "name": "HTTP and SSH",
            "name_prefix": "",
            "owner_id": "108791993403",
            "revoke_rules_on_delete": false,
            "tags": null,
            "tags_all": {},
            "timeouts": null,
            "vpc_id": "vpc-0eb77493a18be6e39"
          },
          "sensitive_attributes": [],
          "private": "eyJlMmJmYjczMC1lY2FhLTExZTYtOGY4OC0zNDM2M2JjN2M0YzAiOnsiY3JlYXRlIjo2MDAwMDAwMDAwMDAsImRlbGV0ZSI6OTAwMDAwMDAwMDAwfSwic2NoZW1hX3ZlcnNpb24iOiIxIn0=",
          "dependencies": [
            "aws_vpc.main"
          ]
        }
      ]
    },
    {
      "mode": "managed",
      "type": "aws_subnet",
      "name": "private_subnets",
      "provider": "provider[\"registry.terraform.io/hashicorp/aws\"]",
      "instances": [
        {
          "index_key": 0,
          "schema_version": 1,
          "attributes": {
            "arn": "arn:aws:ec2:us-east-1:108791993403:subnet/subnet-09ec7bffaa701f5c0",
            "assign_ipv6_address_on_creation": false,
            "availability_zone": "us-east-1a",
            "availability_zone_id": "use1-az6",
            "cidr_block": "10.0.4.0/24",
            "customer_owned_ipv4_pool": "",
            "enable_dns64": false,
            "enable_lni_at_device_index": 0,
            "enable_resource_name_dns_a_record_on_launch": false,
            "enable_resource_name_dns_aaaa_record_on_launch": false,
            "id": "subnet-09ec7bffaa701f5c0",
            "ipv6_cidr_block": "",
            "ipv6_cidr_block_association_id": "",
            "ipv6_native": false,
            "map_customer_owned_ip_on_launch": false,
            "map_public_ip_on_launch": true,
            "outpost_arn": "",
            "owner_id": "108791993403",
            "private_dns_hostname_type_on_launch": "ip-name",
            "tags": {
              "Name": "Private Subnet 1"
            },
            "tags_all": {
              "Name": "Private Subnet 1"
            },
            "timeouts": null,
            "vpc_id": "vpc-0eb77493a18be6e39"
          },
          "sensitive_attributes": [],
          "private": "eyJlMmJmYjczMC1lY2FhLTExZTYtOGY4OC0zNDM2M2JjN2M0YzAiOnsiY3JlYXRlIjo2MDAwMDAwMDAwMDAsImRlbGV0ZSI6MTIwMDAwMDAwMDAwMH0sInNjaGVtYV92ZXJzaW9uIjoiMSJ9",
          "dependencies": [
            "aws_vpc.main"
          ]
        },
        {
          "index_key": 1,
          "schema_version": 1,
          "attributes": {
            "arn": "arn:aws:ec2:us-east-1:108791993403:subnet/subnet-0e506bddad0e84c57",
            "assign_ipv6_address_on_creation": false,
            "availability_zone": "us-east-1b",
            "availability_zone_id": "use1-az1",
            "cidr_block": "10.0.5.0/24",
            "customer_owned_ipv4_pool": "",
            "enable_dns64": false,
            "enable_lni_at_device_index": 0,
            "enable_resource_name_dns_a_record_on_launch": false,
            "enable_resource_name_dns_aaaa_record_on_launch": false,
            "id": "subnet-0e506bddad0e84c57",
            "ipv6_cidr_block": "",
            "ipv6_cidr_block_association_id": "",
            "ipv6_native": false,
            "map_customer_owned_ip_on_launch": false,
            "map_public_ip_on_launch": true,
            "outpost_arn": "",
            "owner_id": "108791993403",
            "private_dns_hostname_type_on_launch": "ip-name",
            "tags": {
              "Name": "Private Subnet 2"
            },
            "tags_all": {
              "Name": "Private Subnet 2"
            },
            "timeouts": null,
            "vpc_id": "vpc-0eb77493a18be6e39"
          },
          "sensitive_attributes": [],
          "private": "eyJlMmJmYjczMC1lY2FhLTExZTYtOGY4OC0zNDM2M2JjN2M0YzAiOnsiY3JlYXRlIjo2MDAwMDAwMDAwMDAsImRlbGV0ZSI6MTIwMDAwMDAwMDAwMH0sInNjaGVtYV92ZXJzaW9uIjoiMSJ9",
          "dependencies": [
            "aws_vpc.main"
          ]
        },
        {
          "index_key": 2,
          "schema_version": 1,
          "attributes": {
            "arn": "arn:aws:ec2:us-east-1:108791993403:subnet/subnet-0db29846ef95743a5",
            "assign_ipv6_address_on_creation": false,
            "availability_zone": "us-east-1c",
            "availability_zone_id": "use1-az2",
            "cidr_block": "10.0.6.0/24",
            "customer_owned_ipv4_pool": "",
            "enable_dns64": false,
            "enable_lni_at_device_index": 0,
            "enable_resource_name_dns_a_record_on_launch": false,
            "enable_resource_name_dns_aaaa_record_on_launch": false,
            "id": "subnet-0db29846ef95743a5",
            "ipv6_cidr_block": "",
            "ipv6_cidr_block_association_id": "",
            "ipv6_native": false,
            "map_customer_owned_ip_on_launch": false,
            "map_public_ip_on_launch": true,
            "outpost_arn": "",
            "owner_id": "108791993403",
            "private_dns_hostname_type_on_launch": "ip-name",
            "tags": {
              "Name": "Private Subnet 3"
            },
            "tags_all": {
              "Name": "Private Subnet 3"
            },
            "timeouts": null,
            "vpc_id": "vpc-0eb77493a18be6e39"
          },
          "sensitive_attributes": [],
          "private": "eyJlMmJmYjczMC1lY2FhLTExZTYtOGY4OC0zNDM2M2JjN2M0YzAiOnsiY3JlYXRlIjo2MDAwMDAwMDAwMDAsImRlbGV0ZSI6MTIwMDAwMDAwMDAwMH0sInNjaGVtYV92ZXJzaW9uIjoiMSJ9",
          "dependencies": [
            "aws_vpc.main"
          ]
        }
      ]
    },
    {
      "mode": "managed",
      "type": "aws_subnet",
      "name": "public_subnets",
      "provider": "provider[\"registry.terraform.io/hashicorp/aws\"]",
      "instances": [
        {
          "index_key": 0,
          "schema_version": 1,
          "attributes": {
            "arn": "arn:aws:ec2:us-east-1:108791993403:subnet/subnet-0f6610c75be36e8c9",
            "assign_ipv6_address_on_creation": false,
            "availability_zone": "us-east-1a",
            "availability_zone_id": "use1-az6",
            "cidr_block": "10.0.1.0/24",
            "customer_owned_ipv4_pool": "",
            "enable_dns64": false,
            "enable_lni_at_device_index": 0,
            "enable_resource_name_dns_a_record_on_launch": false,
            "enable_resource_name_dns_aaaa_record_on_launch": false,
            "id": "subnet-0f6610c75be36e8c9",
            "ipv6_cidr_block": "",
            "ipv6_cidr_block_association_id": "",
            "ipv6_native": false,
            "map_customer_owned_ip_on_launch": false,
            "map_public_ip_on_launch": false,
            "outpost_arn": "",
            "owner_id": "108791993403",
            "private_dns_hostname_type_on_launch": "ip-name",
            "tags": {
              "Name": "Public Subnet 1"
            },
            "tags_all": {
              "Name": "Public Subnet 1"
            },
            "timeouts": null,
            "vpc_id": "vpc-0eb77493a18be6e39"
          },
          "sensitive_attributes": [],
          "private": "eyJlMmJmYjczMC1lY2FhLTExZTYtOGY4OC0zNDM2M2JjN2M0YzAiOnsiY3JlYXRlIjo2MDAwMDAwMDAwMDAsImRlbGV0ZSI6MTIwMDAwMDAwMDAwMH0sInNjaGVtYV92ZXJzaW9uIjoiMSJ9",
          "dependencies": [
            "aws_vpc.main"
          ]
        },
        {
          "index_key": 1,
          "schema_version": 1,
          "attributes": {
            "arn": "arn:aws:ec2:us-east-1:108791993403:subnet/subnet-045475351d19b305f",
            "assign_ipv6_address_on_creation": false,
            "availability_zone": "us-east-1b",
            "availability_zone_id": "use1-az1",
            "cidr_block": "10.0.2.0/24",
            "customer_owned_ipv4_pool": "",
            "enable_dns64": false,
            "enable_lni_at_device_index": 0,
            "enable_resource_name_dns_a_record_on_launch": false,
            "enable_resource_name_dns_aaaa_record_on_launch": false,
            "id": "subnet-045475351d19b305f",
            "ipv6_cidr_block": "",
            "ipv6_cidr_block_association_id": "",
            "ipv6_native": false,
            "map_customer_owned_ip_on_launch": false,
            "map_public_ip_on_launch": false,
            "outpost_arn": "",
            "owner_id": "108791993403",
            "private_dns_hostname_type_on_launch": "ip-name",
            "tags": {
              "Name": "Public Subnet 2"
            },
            "tags_all": {
              "Name": "Public Subnet 2"
            },
            "timeouts": null,
            "vpc_id": "vpc-0eb77493a18be6e39"
          },
          "sensitive_attributes": [],
          "private": "eyJlMmJmYjczMC1lY2FhLTExZTYtOGY4OC0zNDM2M2JjN2M0YzAiOnsiY3JlYXRlIjo2MDAwMDAwMDAwMDAsImRlbGV0ZSI6MTIwMDAwMDAwMDAwMH0sInNjaGVtYV92ZXJzaW9uIjoiMSJ9",
          "dependencies": [
            "aws_vpc.main"
          ]
        },
        {
          "index_key": 2,
          "schema_version": 1,
          "attributes": {
            "arn": "arn:aws:ec2:us-east-1:108791993403:subnet/subnet-034ffee336d5da04a",
            "assign_ipv6_address_on_creation": false,
            "availability_zone": "us-east-1c",
            "availability_zone_id": "use1-az2",
            "cidr_block": "10.0.3.0/24",
            "customer_owned_ipv4_pool": "",
            "enable_dns64": false,
            "enable_lni_at_device_index": 0,
            "enable_resource_name_dns_a_record_on_launch": false,
            "enable_resource_name_dns_aaaa_record_on_launch": false,
            "id": "subnet-034ffee336d5da04a",
            "ipv6_cidr_block": "",
            "ipv6_cidr_block_association_id": "",
            "ipv6_native": false,
            "map_customer_owned_ip_on_launch": false,
            "map_public_ip_on_launch": false,
            "outpost_arn": "",
            "owner_id": "108791993403",
            "private_dns_hostname_type_on_launch": "ip-name",
            "tags": {
              "Name": "Public Subnet 3"
            },
            "tags_all": {
              "Name": "Public Subnet 3"
            },
            "timeouts": null,
            "vpc_id": "vpc-0eb77493a18be6e39"
          },
          "sensitive_attributes": [],
          "private": "eyJlMmJmYjczMC1lY2FhLTExZTYtOGY4OC0zNDM2M2JjN2M0YzAiOnsiY3JlYXRlIjo2MDAwMDAwMDAwMDAsImRlbGV0ZSI6MTIwMDAwMDAwMDAwMH0sInNjaGVtYV92ZXJzaW9uIjoiMSJ9",
          "dependencies": [
            "aws_vpc.main"
          ]
        }
      ]
    },
    {
      "mode": "managed",
      "type": "aws_vpc",
      "name": "main",
      "provider": "provider[\"registry.terraform.io/hashicorp/aws\"]",
      "instances": [
        {
          "schema_version": 1,
          "attributes": {
            "arn": "arn:aws:ec2:us-east-1:108791993403:vpc/vpc-0eb77493a18be6e39",
            "assign_generated_ipv6_cidr_block": false,
            "cidr_block": "10.0.0.0/16",
            "default_network_acl_id": "acl-0d740da6949c210a8",
            "default_route_table_id": "rtb-089d823b5dd8a02b7",
            "default_security_group_id": "sg-0433f9e82821ef3a1",
            "dhcp_options_id": "dopt-09ed7e2c738349641",
            "enable_classiclink": false,
            "enable_classiclink_dns_support": false,
            "enable_dns_hostnames": true,
            "enable_dns_support": true,
            "enable_network_address_usage_metrics": false,
            "id": "vpc-0eb77493a18be6e39",
            "instance_tenancy": "default",
            "ipv4_ipam_pool_id": null,
            "ipv4_netmask_length": null,
            "ipv6_association_id": "",
            "ipv6_cidr_block": "",
            "ipv6_cidr_block_network_border_group": "",
            "ipv6_ipam_pool_id": "",
            "ipv6_netmask_length": 0,
            "main_route_table_id": "rtb-089d823b5dd8a02b7",
            "owner_id": "108791993403",
            "tags": {
              "Name": "Project VPC"
            },
            "tags_all": {
              "Name": "Project VPC"
            }
          },
          "sensitive_attributes": [],
          "private": "eyJzY2hlbWFfdmVyc2lvbiI6IjEifQ=="
        }
      ]
    },
    {
      "mode": "managed",
      "type": "local_file",
      "name": "key",
      "provider": "provider[\"registry.terraform.io/hashicorp/local\"]",
      "instances": [
        {
          "schema_version": 0,
          "attributes": {
            "content": "-----BEGIN RSA PRIVATE KEY-----\nMIIEpQIBAAKCAQEA50eW5MTYXPThkIE+WY2DHDFQVtsmPTjVN7c7Vq78CzENvlKK\nU446McwIu5RSXUJWq8IpPWnf+Ki5NHdC2YDvMuAw6bDjMUpsa5QD4aTq7iLwH9A4\nXyMVEoXWqxAV97bUvlep1YZci99ZU8ioJ6ScfdeRiWhT8BiAPh/tmkT4jrI4zKqr\nsRCl2VW6iaX6PQWurs0asQPAu4PayyDHLsCTuF6rLtesjMu3jzX0317/aGBhKWcq\nlaheBnfblEVl9aMTJq1AScEmjQz1WVivRTRUq7I7sg/iUEsG4niKqANhEAHYB551\nIybXz9GNY8bqs/T+oVvbH7T/RgwcqA2zoBPlDQIDAQABAoIBAAqnbpkNRFZL5ZQt\nj/y6Gx8SWnwVzlYlpxTQ+QfOOcgeM17gGIUu2RlwJ7rUY1LuemWhJRsyJGIlC5sS\nH187pEk4sKgjQOQFZKc0A1XCrhvYOi2M/vvK9u6KgdARhqGJp5U5Hpa6gMrkuA23\nAaAJ4jed1ZN53dwClO3HtL9VjAmur6eN82OxD5CLhhZ6xPj9loAaEYgYWjEdXw7J\nGKvVqW5Har60jRbuL2TqIcB6ZJorXo6vwv7FgBtasuzcCynrQd+e9MqhRGSJos0i\nKf6tUsibdNm9jMm3fWvUjRriUCKF3eDQ57s+i72oKiEQS8Bk77Bw9KxwB7FOE3ep\nLZ1EAKECgYEA+qTk/rMWBJFwe73wxYeTorS7lhxhUh3nz9SJqDxjIvxN+m10Amzj\n1tDyDZvaTgSOga2fiyWDXn6mzSn/iHo6QZlrMBiJzg2mbnCZzkpP/33wFQIvmmdW\nMh66gWZb+C9G5hrI22Zs3wPnJ4HteyI89Pu5rnvQxlUrxZT36uzJeBUCgYEA7DjD\n0KMKCovlBaSLRzb3eXmje793aoF+hOMS+DNgIZ/s/Ts3axSFEA0UyPCTRWWEpZAa\nlJ+sV+aM8PGGkBD0U3hT65hoho8AJi0YKI/EaQbmvopct5BnzZ1U+qJ0syxeUD7Z\nyz7dgLUyv1KtW3+vCs1ZJ7BMAIXiDiwLlcjyPxkCgYEAkAt0D2ycmsN7AaKHXP4t\nurRjmkF1LNxC/Q4IjsclslWN+v4sTbiGuE4czfVj4LJ9s8k0h6NnfEcNVZttX+He\n2RRypZF0oRb3L0FHI2dR0mNuNqSq9vGsd+FxDizlbhy9gkCibnTO3NxBXFMvSDTF\nE4YXkE9YDKOmJEcYs8qhfoECgYEA3dcVdluXM35br6fusQua77bfZHjUge5ozg2e\no/9DmXBilRLGocZcjE1spqTf+b00DHQ/sjIeHVLELAb3E1cIzVbkoQ25pBypzDBv\nTrBtiSDVFD5GgpGYGo5V3ycwJ5BUZlIQIYLBbH0+0lSnv5Uy4xckUlSLm7YgLKUK\noDld3wkCgYEAi3pR3ZY0Q98I3oiFRuokohx5V6LPi47JSsfBXYzUln0VSTA/LPKd\nLiHCMeAeyuZsvBV6vpSh0t9GbYSepXyPKWxFl8R8LHaEKwJhZTXjsWXDD/93C1I1\nTUWKcZSIC1XMjtVmGpEDegur2qDSil1x4ef35W4VXL89NXGHwvC/cKA=\n-----END RSA PRIVATE KEY-----\n",
            "content_base64": null,
            "content_base64sha256": "9ykpW5RQyIvjbJm3x1jwD7fqboR9CUyNAOjIGwZ/Uq4=",
            "content_base64sha512": "XGxchsixH93+U7DlEjGJg0yyQWaqoeAa4+iKOxVCA8bTwfcntHtaPJD6gT+nVo8SuVka7qVEKHnjTF+NKoeysQ==",
            "content_md5": "97d9c8190722d2a10d55c783d8ab0785",
            "content_sha1": "0851a84413c26ab8351f4a563ed8f1cc1c972074",
            "content_sha256": "f729295b9450c88be36c99b7c758f00fb7ea6e847d094c8d00e8c81b067f52ae",
            "content_sha512": "5c6c5c86c8b11fddfe53b0e5123189834cb24166aaa1e01ae3e88a3b154203c6d3c1f727b47b5a3c90fa813fa7568f12b9591aeea5442879e34c5f8d2a87b2b1",
            "directory_permission": "0777",
            "file_permission": "0400",
            "filename": "Par_Chave.pem",
            "id": "0851a84413c26ab8351f4a563ed8f1cc1c972074",
            "sensitive_content": null,
            "source": null
          },
          "sensitive_attributes": [
            [
              {
                "type": "get_attr",
                "value": "content"
              }
            ]
          ],
          "dependencies": [
            "tls_private_key.Par_Chave"
          ]
        }
      ]
    },
    {
      "mode": "managed",
      "type": "tls_private_key",
      "name": "Par_Chave",
      "provider": "provider[\"registry.terraform.io/hashicorp/tls\"]",
      "instances": [
        {
          "schema_version": 1,
          "attributes": {
            "algorithm": "RSA",
            "ecdsa_curve": "P224",
            "id": "c44fd715e8c1f94ac1043f8f2c9a4f462599abb5",
            "private_key_openssh": "-----BEGIN OPENSSH PRIVATE KEY-----\nb3BlbnNzaC1rZXktdjEAAAAABG5vbmUAAAAEbm9uZQAAAAAAAAABAAABFwAAAAdz\nc2gtcnNhAAAAAwEAAQAAAQEA50eW5MTYXPThkIE+WY2DHDFQVtsmPTjVN7c7Vq78\nCzENvlKKU446McwIu5RSXUJWq8IpPWnf+Ki5NHdC2YDvMuAw6bDjMUpsa5QD4aTq\n7iLwH9A4XyMVEoXWqxAV97bUvlep1YZci99ZU8ioJ6ScfdeRiWhT8BiAPh/tmkT4\njrI4zKqrsRCl2VW6iaX6PQWurs0asQPAu4PayyDHLsCTuF6rLtesjMu3jzX0317/\naGBhKWcqlaheBnfblEVl9aMTJq1AScEmjQz1WVivRTRUq7I7sg/iUEsG4niKqANh\nEAHYB551IybXz9GNY8bqs/T+oVvbH7T/RgwcqA2zoBPlDQAAA7hpdj9xaXY/cQAA\nAAdzc2gtcnNhAAABAQDnR5bkxNhc9OGQgT5ZjYMcMVBW2yY9ONU3tztWrvwLMQ2+\nUopTjjoxzAi7lFJdQlarwik9ad/4qLk0d0LZgO8y4DDpsOMxSmxrlAPhpOruIvAf\n0DhfIxUShdarEBX3ttS+V6nVhlyL31lTyKgnpJx915GJaFPwGIA+H+2aRPiOsjjM\nqquxEKXZVbqJpfo9Ba6uzRqxA8C7g9rLIMcuwJO4Xqsu16yMy7ePNfTfXv9oYGEp\nZyqVqF4Gd9uURWX1oxMmrUBJwSaNDPVZWK9FNFSrsjuyD+JQSwbieIqoA2EQAdgH\nnnUjJtfP0Y1jxuqz9P6hW9sftP9GDByoDbOgE+UNAAAAAwEAAQAAAQAKp26ZDURW\nS+WULY/8uhsfElp8Fc5WJacU0PkHzjnIHjNe4BiFLtkZcCe61GNS7nploSUbMiRi\nJQubEh9fO6RJOLCoI0DkBWSnNANVwq4b2DotjP77yvbuioHQEYahiaeVOR6WuoDK\n5LgNtwGgCeI3ndWTed3cApTtx7S/VYwJrq+njfNjsQ+Qi4YWesT4/ZaAGhGIGFox\nHV8OyRir1aluR2q+tI0W7i9k6iHAemSaK16Or8L+xYAbWrLs3Asp60HfnvTKoURk\niaLNIin+rVLIm3TZvYzJt31r1I0a4lAihd3g0Oe7Pou9qCohEEvAZO+wcPSscAex\nThN3qS2dRAChAAAAgQCLelHdljRD3wjeiIVG6iSiHHlXos+LjslKx8FdjNSWfRVJ\nMD8s8p0uIcIx4B7K5my8FXq+lKHS30ZthJ6lfI8pbEWXxHwsdoQrAmFlNeOxZcMP\n/3cLUjVNRYpxlIgLVcyO1WYakQN6C6vaoNKKXXHh5/flbhVcvz01cYfC8L9woAAA\nAIEA+qTk/rMWBJFwe73wxYeTorS7lhxhUh3nz9SJqDxjIvxN+m10Amzj1tDyDZva\nTgSOga2fiyWDXn6mzSn/iHo6QZlrMBiJzg2mbnCZzkpP/33wFQIvmmdWMh66gWZb\n+C9G5hrI22Zs3wPnJ4HteyI89Pu5rnvQxlUrxZT36uzJeBUAAACBAOw4w9CjCgqL\n5QWki0c293l5o3u/d2qBfoTjEvgzYCGf7P07N2sUhRANFMjwk0VlhKWQGpSfrFfm\njPDxhpAQ9FN4U+uYaIaPACYtGCiPxGkG5r6KXLeQZ82dVPqidLMsXlA+2cs+3YC1\nMr9SrVt/rwrNWSewTACF4g4sC5XI8j8ZAAAAAAEC\n-----END OPENSSH PRIVATE KEY-----\n",
            "private_key_pem": "-----BEGIN RSA PRIVATE KEY-----\nMIIEpQIBAAKCAQEA50eW5MTYXPThkIE+WY2DHDFQVtsmPTjVN7c7Vq78CzENvlKK\nU446McwIu5RSXUJWq8IpPWnf+Ki5NHdC2YDvMuAw6bDjMUpsa5QD4aTq7iLwH9A4\nXyMVEoXWqxAV97bUvlep1YZci99ZU8ioJ6ScfdeRiWhT8BiAPh/tmkT4jrI4zKqr\nsRCl2VW6iaX6PQWurs0asQPAu4PayyDHLsCTuF6rLtesjMu3jzX0317/aGBhKWcq\nlaheBnfblEVl9aMTJq1AScEmjQz1WVivRTRUq7I7sg/iUEsG4niKqANhEAHYB551\nIybXz9GNY8bqs/T+oVvbH7T/RgwcqA2zoBPlDQIDAQABAoIBAAqnbpkNRFZL5ZQt\nj/y6Gx8SWnwVzlYlpxTQ+QfOOcgeM17gGIUu2RlwJ7rUY1LuemWhJRsyJGIlC5sS\nH187pEk4sKgjQOQFZKc0A1XCrhvYOi2M/vvK9u6KgdARhqGJp5U5Hpa6gMrkuA23\nAaAJ4jed1ZN53dwClO3HtL9VjAmur6eN82OxD5CLhhZ6xPj9loAaEYgYWjEdXw7J\nGKvVqW5Har60jRbuL2TqIcB6ZJorXo6vwv7FgBtasuzcCynrQd+e9MqhRGSJos0i\nKf6tUsibdNm9jMm3fWvUjRriUCKF3eDQ57s+i72oKiEQS8Bk77Bw9KxwB7FOE3ep\nLZ1EAKECgYEA+qTk/rMWBJFwe73wxYeTorS7lhxhUh3nz9SJqDxjIvxN+m10Amzj\n1tDyDZvaTgSOga2fiyWDXn6mzSn/iHo6QZlrMBiJzg2mbnCZzkpP/33wFQIvmmdW\nMh66gWZb+C9G5hrI22Zs3wPnJ4HteyI89Pu5rnvQxlUrxZT36uzJeBUCgYEA7DjD\n0KMKCovlBaSLRzb3eXmje793aoF+hOMS+DNgIZ/s/Ts3axSFEA0UyPCTRWWEpZAa\nlJ+sV+aM8PGGkBD0U3hT65hoho8AJi0YKI/EaQbmvopct5BnzZ1U+qJ0syxeUD7Z\nyz7dgLUyv1KtW3+vCs1ZJ7BMAIXiDiwLlcjyPxkCgYEAkAt0D2ycmsN7AaKHXP4t\nurRjmkF1LNxC/Q4IjsclslWN+v4sTbiGuE4czfVj4LJ9s8k0h6NnfEcNVZttX+He\n2RRypZF0oRb3L0FHI2dR0mNuNqSq9vGsd+FxDizlbhy9gkCibnTO3NxBXFMvSDTF\nE4YXkE9YDKOmJEcYs8qhfoECgYEA3dcVdluXM35br6fusQua77bfZHjUge5ozg2e\no/9DmXBilRLGocZcjE1spqTf+b00DHQ/sjIeHVLELAb3E1cIzVbkoQ25pBypzDBv\nTrBtiSDVFD5GgpGYGo5V3ycwJ5BUZlIQIYLBbH0+0lSnv5Uy4xckUlSLm7YgLKUK\noDld3wkCgYEAi3pR3ZY0Q98I3oiFRuokohx5V6LPi47JSsfBXYzUln0VSTA/LPKd\nLiHCMeAeyuZsvBV6vpSh0t9GbYSepXyPKWxFl8R8LHaEKwJhZTXjsWXDD/93C1I1\nTUWKcZSIC1XMjtVmGpEDegur2qDSil1x4ef35W4VXL89NXGHwvC/cKA=\n-----END RSA PRIVATE KEY-----\n",
            "private_key_pem_pkcs8": "-----BEGIN PRIVATE KEY-----\nMIIEvwIBADANBgkqhkiG9w0BAQEFAASCBKkwggSlAgEAAoIBAQDnR5bkxNhc9OGQ\ngT5ZjYMcMVBW2yY9ONU3tztWrvwLMQ2+UopTjjoxzAi7lFJdQlarwik9ad/4qLk0\nd0LZgO8y4DDpsOMxSmxrlAPhpOruIvAf0DhfIxUShdarEBX3ttS+V6nVhlyL31lT\nyKgnpJx915GJaFPwGIA+H+2aRPiOsjjMqquxEKXZVbqJpfo9Ba6uzRqxA8C7g9rL\nIMcuwJO4Xqsu16yMy7ePNfTfXv9oYGEpZyqVqF4Gd9uURWX1oxMmrUBJwSaNDPVZ\nWK9FNFSrsjuyD+JQSwbieIqoA2EQAdgHnnUjJtfP0Y1jxuqz9P6hW9sftP9GDByo\nDbOgE+UNAgMBAAECggEACqdumQ1EVkvllC2P/LobHxJafBXOViWnFND5B845yB4z\nXuAYhS7ZGXAnutRjUu56ZaElGzIkYiULmxIfXzukSTiwqCNA5AVkpzQDVcKuG9g6\nLYz++8r27oqB0BGGoYmnlTkelrqAyuS4DbcBoAniN53Vk3nd3AKU7ce0v1WMCa6v\np43zY7EPkIuGFnrE+P2WgBoRiBhaMR1fDskYq9WpbkdqvrSNFu4vZOohwHpkmite\njq/C/sWAG1qy7NwLKetB3570yqFEZImizSIp/q1SyJt02b2Mybd9a9SNGuJQIoXd\n4NDnuz6LvagqIRBLwGTvsHD0rHAHsU4Td6ktnUQAoQKBgQD6pOT+sxYEkXB7vfDF\nh5OitLuWHGFSHefP1ImoPGMi/E36bXQCbOPW0PINm9pOBI6BrZ+LJYNefqbNKf+I\nejpBmWswGInODaZucJnOSk//ffAVAi+aZ1YyHrqBZlv4L0bmGsjbZmzfA+cnge17\nIjz0+7mue9DGVSvFlPfq7Ml4FQKBgQDsOMPQowoKi+UFpItHNvd5eaN7v3dqgX6E\n4xL4M2Ahn+z9OzdrFIUQDRTI8JNFZYSlkBqUn6xX5ozw8YaQEPRTeFPrmGiGjwAm\nLRgoj8RpBua+ily3kGfNnVT6onSzLF5QPtnLPt2AtTK/Uq1bf68KzVknsEwAheIO\nLAuVyPI/GQKBgQCQC3QPbJyaw3sBoodc/i26tGOaQXUs3EL9DgiOxyWyVY36/ixN\nuIa4ThzN9WPgsn2zyTSHo2d8Rw1Vm21f4d7ZFHKlkXShFvcvQUcjZ1HSY242pKr2\n8ax34XEOLOVuHL2CQKJudM7c3EFcUy9INMUThheQT1gMo6YkRxizyqF+gQKBgQDd\n1xV2W5czfluvp+6xC5rvtt9keNSB7mjODZ6j/0OZcGKVEsahxlyMTWympN/5vTQM\ndD+yMh4dUsQsBvcTVwjNVuShDbmkHKnMMG9OsG2JINUUPkaCkZgajlXfJzAnkFRm\nUhAhgsFsfT7SVKe/lTLjFyRSVIubtiAspQqgOV3fCQKBgQCLelHdljRD3wjeiIVG\n6iSiHHlXos+LjslKx8FdjNSWfRVJMD8s8p0uIcIx4B7K5my8FXq+lKHS30ZthJ6l\nfI8pbEWXxHwsdoQrAmFlNeOxZcMP/3cLUjVNRYpxlIgLVcyO1WYakQN6C6vaoNKK\nXXHh5/flbhVcvz01cYfC8L9woA==\n-----END PRIVATE KEY-----\n",
            "public_key_fingerprint_md5": "ca:0c:75:40:c9:cc:4d:63:dd:05:70:ee:69:e8:83:ce",
            "public_key_fingerprint_sha256": "SHA256:8k+f3Crl4g/Xz54N+vdcf+yOFbHoq7TJJhPUvXizndE",
            "public_key_openssh": "ssh-rsa AAAAB3NzaC1yc2EAAAADAQABAAABAQDnR5bkxNhc9OGQgT5ZjYMcMVBW2yY9ONU3tztWrvwLMQ2+UopTjjoxzAi7lFJdQlarwik9ad/4qLk0d0LZgO8y4DDpsOMxSmxrlAPhpOruIvAf0DhfIxUShdarEBX3ttS+V6nVhlyL31lTyKgnpJx915GJaFPwGIA+H+2aRPiOsjjMqquxEKXZVbqJpfo9Ba6uzRqxA8C7g9rLIMcuwJO4Xqsu16yMy7ePNfTfXv9oYGEpZyqVqF4Gd9uURWX1oxMmrUBJwSaNDPVZWK9FNFSrsjuyD+JQSwbieIqoA2EQAdgHnnUjJtfP0Y1jxuqz9P6hW9sftP9GDByoDbOgE+UN\n",
            "public_key_pem": "-----BEGIN PUBLIC KEY-----\nMIIBIjANBgkqhkiG9w0BAQEFAAOCAQ8AMIIBCgKCAQEA50eW5MTYXPThkIE+WY2D\nHDFQVtsmPTjVN7c7Vq78CzENvlKKU446McwIu5RSXUJWq8IpPWnf+Ki5NHdC2YDv\nMuAw6bDjMUpsa5QD4aTq7iLwH9A4XyMVEoXWqxAV97bUvlep1YZci99ZU8ioJ6Sc\nfdeRiWhT8BiAPh/tmkT4jrI4zKqrsRCl2VW6iaX6PQWurs0asQPAu4PayyDHLsCT\nuF6rLtesjMu3jzX0317/aGBhKWcqlaheBnfblEVl9aMTJq1AScEmjQz1WVivRTRU\nq7I7sg/iUEsG4niKqANhEAHYB551IybXz9GNY8bqs/T+oVvbH7T/RgwcqA2zoBPl\nDQIDAQAB\n-----END PUBLIC KEY-----\n",
            "rsa_bits": 2048
          },
          "sensitive_attributes": []
        }
      ]
    }
  ],
  "check_results": null
}
